
Microsoft Visual Studio Solution File, Format Version 12.00
# Visual Studio 15
VisualStudioVersion = 15.0.26403.0
MinimumVisualStudioVersion = 10.0.40219.1
Project("{FAE04EC0-301F-11D3-BF4B-00C04F79EFBC}") = "rosbridge_interface", "rosbridge_interface\rosbridge_interface.csproj", "{250E9E04-A425-4DC8-A5BE-847987BE38C6}"
EndProject
Project("{FAE04EC0-301F-11D3-BF4B-00C04F79EFBC}") = "rosbridge_client_common", "rosbridge_client_common\rosbridge_client_common.csproj", "{7167262B-09B1-435B-AC01-6A3F94449C72}"
EndProject
Project("{FAE04EC0-301F-11D3-BF4B-00C04F79EFBC}") = "rosbridge_client_desktop", "rosbridge_client_socket_for_desktop\rosbridge_client_desktop.csproj", "{7B7BA4BB-4789-400B-9373-20321A8FB966}"
EndProject
Project("{FAE04EC0-301F-11D3-BF4B-00C04F79EFBC}") = "Syscon_Solution", "DXApplication1\Syscon_FleetSolution\Syscon_Solution.csproj", "{E8912A6C-B0CB-4C3F-A0CE-31B04061D798}"
EndProject
Global
	GlobalSection(SolutionConfigurationPlatforms) = preSolution
		_delivery_debug|Any CPU = _delivery_debug|Any CPU
		_delivery_release|Any CPU = _delivery_release|Any CPU
		Debug_mapping|Any CPU = Debug_mapping|Any CPU
		Debug|Any CPU = Debug|Any CPU
		fleet_debug|Any CPU = fleet_debug|Any CPU
		fleet_demo_debug|Any CPU = fleet_demo_debug|Any CPU
		fleet_demo_release|Any CPU = fleet_demo_release|Any CPU
		fleet_release|Any CPU = fleet_release|Any CPU
		JobHistory_debug|Any CPU = JobHistory_debug|Any CPU
		JobHistory_release|Any CPU = JobHistory_release|Any CPU
		Map_debug|Any CPU = Map_debug|Any CPU
		Map_release|Any CPU = Map_release|Any CPU
		Release_mapping|Any CPU = Release_mapping|Any CPU
		Release|Any CPU = Release|Any CPU
		robotstatus_debug|Any CPU = robotstatus_debug|Any CPU
		robotstatus_release|Any CPU = robotstatus_release|Any CPU
		robotstatusOne_debug|Any CPU = robotstatusOne_debug|Any CPU
		robotstatusOne_release|Any CPU = robotstatusOne_release|Any CPU
		solution_debug|Any CPU = solution_debug|Any CPU
		solution_release|Any CPU = solution_release|Any CPU
		UR_Test_debug|Any CPU = UR_Test_debug|Any CPU
		UR_Test_release|Any CPU = UR_Test_release|Any CPU
		workorder_debug|Any CPU = workorder_debug|Any CPU
		workorder_release|Any CPU = workorder_release|Any CPU
	EndGlobalSection
	GlobalSection(ProjectConfigurationPlatforms) = postSolution
		{250E9E04-A425-4DC8-A5BE-847987BE38C6}._delivery_debug|Any CPU.ActiveCfg = _delivery|Any CPU
		{250E9E04-A425-4DC8-A5BE-847987BE38C6}._delivery_debug|Any CPU.Build.0 = _delivery|Any CPU
		{250E9E04-A425-4DC8-A5BE-847987BE38C6}._delivery_release|Any CPU.ActiveCfg = _delivery_release|Any CPU
		{250E9E04-A425-4DC8-A5BE-847987BE38C6}._delivery_release|Any CPU.Build.0 = _delivery_release|Any CPU
		{250E9E04-A425-4DC8-A5BE-847987BE38C6}.Debug_mapping|Any CPU.ActiveCfg = Debug_mapping|Any CPU
		{250E9E04-A425-4DC8-A5BE-847987BE38C6}.Debug_mapping|Any CPU.Build.0 = Debug_mapping|Any CPU
		{250E9E04-A425-4DC8-A5BE-847987BE38C6}.Debug|Any CPU.ActiveCfg = Debug|Any CPU
		{250E9E04-A425-4DC8-A5BE-847987BE38C6}.Debug|Any CPU.Build.0 = Debug|Any CPU
		{250E9E04-A425-4DC8-A5BE-847987BE38C6}.fleet_debug|Any CPU.ActiveCfg = fleet_debug|Any CPU
		{250E9E04-A425-4DC8-A5BE-847987BE38C6}.fleet_debug|Any CPU.Build.0 = fleet_debug|Any CPU
		{250E9E04-A425-4DC8-A5BE-847987BE38C6}.fleet_demo_debug|Any CPU.ActiveCfg = fleet_demo_debug|Any CPU
		{250E9E04-A425-4DC8-A5BE-847987BE38C6}.fleet_demo_debug|Any CPU.Build.0 = fleet_demo_debug|Any CPU
		{250E9E04-A425-4DC8-A5BE-847987BE38C6}.fleet_demo_release|Any CPU.ActiveCfg = fleet_demo_release|Any CPU
		{250E9E04-A425-4DC8-A5BE-847987BE38C6}.fleet_demo_release|Any CPU.Build.0 = fleet_demo_release|Any CPU
		{250E9E04-A425-4DC8-A5BE-847987BE38C6}.fleet_release|Any CPU.ActiveCfg = fleet_release|Any CPU
		{250E9E04-A425-4DC8-A5BE-847987BE38C6}.fleet_release|Any CPU.Build.0 = fleet_release|Any CPU
		{250E9E04-A425-4DC8-A5BE-847987BE38C6}.JobHistory_debug|Any CPU.ActiveCfg = JobHistory_debug|Any CPU
		{250E9E04-A425-4DC8-A5BE-847987BE38C6}.JobHistory_debug|Any CPU.Build.0 = JobHistory_debug|Any CPU
		{250E9E04-A425-4DC8-A5BE-847987BE38C6}.JobHistory_release|Any CPU.ActiveCfg = JobHistory_release|Any CPU
		{250E9E04-A425-4DC8-A5BE-847987BE38C6}.JobHistory_release|Any CPU.Build.0 = JobHistory_release|Any CPU
		{250E9E04-A425-4DC8-A5BE-847987BE38C6}.Map_debug|Any CPU.ActiveCfg = Map_debug|Any CPU
		{250E9E04-A425-4DC8-A5BE-847987BE38C6}.Map_debug|Any CPU.Build.0 = Map_debug|Any CPU
		{250E9E04-A425-4DC8-A5BE-847987BE38C6}.Map_release|Any CPU.ActiveCfg = Map_release|Any CPU
		{250E9E04-A425-4DC8-A5BE-847987BE38C6}.Map_release|Any CPU.Build.0 = Map_release|Any CPU
		{250E9E04-A425-4DC8-A5BE-847987BE38C6}.Release_mapping|Any CPU.ActiveCfg = Release_mapping|Any CPU
		{250E9E04-A425-4DC8-A5BE-847987BE38C6}.Release_mapping|Any CPU.Build.0 = Release_mapping|Any CPU
		{250E9E04-A425-4DC8-A5BE-847987BE38C6}.Release|Any CPU.ActiveCfg = Release|Any CPU
		{250E9E04-A425-4DC8-A5BE-847987BE38C6}.Release|Any CPU.Build.0 = Release|Any CPU
		{250E9E04-A425-4DC8-A5BE-847987BE38C6}.robotstatus_debug|Any CPU.ActiveCfg = robotstatus_debug|Any CPU
		{250E9E04-A425-4DC8-A5BE-847987BE38C6}.robotstatus_debug|Any CPU.Build.0 = robotstatus_debug|Any CPU
		{250E9E04-A425-4DC8-A5BE-847987BE38C6}.robotstatus_release|Any CPU.ActiveCfg = Debug|Any CPU
		{250E9E04-A425-4DC8-A5BE-847987BE38C6}.robotstatus_release|Any CPU.Build.0 = Debug|Any CPU
		{250E9E04-A425-4DC8-A5BE-847987BE38C6}.robotstatusOne_debug|Any CPU.ActiveCfg = robotstatusOne_debug|Any CPU
		{250E9E04-A425-4DC8-A5BE-847987BE38C6}.robotstatusOne_debug|Any CPU.Build.0 = robotstatusOne_debug|Any CPU
		{250E9E04-A425-4DC8-A5BE-847987BE38C6}.robotstatusOne_release|Any CPU.ActiveCfg = robotstatusOne_release|Any CPU
		{250E9E04-A425-4DC8-A5BE-847987BE38C6}.robotstatusOne_release|Any CPU.Build.0 = robotstatusOne_release|Any CPU
		{250E9E04-A425-4DC8-A5BE-847987BE38C6}.solution_debug|Any CPU.ActiveCfg = solution_debug|Any CPU
		{250E9E04-A425-4DC8-A5BE-847987BE38C6}.solution_debug|Any CPU.Build.0 = solution_debug|Any CPU
		{250E9E04-A425-4DC8-A5BE-847987BE38C6}.solution_release|Any CPU.ActiveCfg = solution_release|Any CPU
		{250E9E04-A425-4DC8-A5BE-847987BE38C6}.solution_release|Any CPU.Build.0 = solution_release|Any CPU
		{250E9E04-A425-4DC8-A5BE-847987BE38C6}.UR_Test_debug|Any CPU.ActiveCfg = UR_Test|Any CPU
		{250E9E04-A425-4DC8-A5BE-847987BE38C6}.UR_Test_debug|Any CPU.Build.0 = UR_Test|Any CPU
		{250E9E04-A425-4DC8-A5BE-847987BE38C6}.UR_Test_release|Any CPU.ActiveCfg = UR_Test_release|Any CPU
		{250E9E04-A425-4DC8-A5BE-847987BE38C6}.UR_Test_release|Any CPU.Build.0 = UR_Test_release|Any CPU
		{250E9E04-A425-4DC8-A5BE-847987BE38C6}.workorder_debug|Any CPU.ActiveCfg = Debug|Any CPU
		{250E9E04-A425-4DC8-A5BE-847987BE38C6}.workorder_debug|Any CPU.Build.0 = Debug|Any CPU
		{250E9E04-A425-4DC8-A5BE-847987BE38C6}.workorder_release|Any CPU.ActiveCfg = Debug|Any CPU
		{250E9E04-A425-4DC8-A5BE-847987BE38C6}.workorder_release|Any CPU.Build.0 = Debug|Any CPU
		{7167262B-09B1-435B-AC01-6A3F94449C72}._delivery_debug|Any CPU.ActiveCfg = _delivery|Any CPU
		{7167262B-09B1-435B-AC01-6A3F94449C72}._delivery_debug|Any CPU.Build.0 = _delivery|Any CPU
		{7167262B-09B1-435B-AC01-6A3F94449C72}._delivery_release|Any CPU.ActiveCfg = _delivery_release|Any CPU
		{7167262B-09B1-435B-AC01-6A3F94449C72}._delivery_release|Any CPU.Build.0 = _delivery_release|Any CPU
		{7167262B-09B1-435B-AC01-6A3F94449C72}.Debug_mapping|Any CPU.ActiveCfg = Debug_mapping|Any CPU
		{7167262B-09B1-435B-AC01-6A3F94449C72}.Debug_mapping|Any CPU.Build.0 = Debug_mapping|Any CPU
		{7167262B-09B1-435B-AC01-6A3F94449C72}.Debug|Any CPU.ActiveCfg = Debug|Any CPU
		{7167262B-09B1-435B-AC01-6A3F94449C72}.Debug|Any CPU.Build.0 = Debug|Any CPU
		{7167262B-09B1-435B-AC01-6A3F94449C72}.fleet_debug|Any CPU.ActiveCfg = fleet_debug|Any CPU
		{7167262B-09B1-435B-AC01-6A3F94449C72}.fleet_debug|Any CPU.Build.0 = fleet_debug|Any CPU
		{7167262B-09B1-435B-AC01-6A3F94449C72}.fleet_demo_debug|Any CPU.ActiveCfg = fleet_demo_debug|Any CPU
		{7167262B-09B1-435B-AC01-6A3F94449C72}.fleet_demo_debug|Any CPU.Build.0 = fleet_demo_debug|Any CPU
		{7167262B-09B1-435B-AC01-6A3F94449C72}.fleet_demo_release|Any CPU.ActiveCfg = fleet_demo_release|Any CPU
		{7167262B-09B1-435B-AC01-6A3F94449C72}.fleet_demo_release|Any CPU.Build.0 = fleet_demo_release|Any CPU
		{7167262B-09B1-435B-AC01-6A3F94449C72}.fleet_release|Any CPU.ActiveCfg = fleet_release|Any CPU
		{7167262B-09B1-435B-AC01-6A3F94449C72}.fleet_release|Any CPU.Build.0 = fleet_release|Any CPU
		{7167262B-09B1-435B-AC01-6A3F94449C72}.JobHistory_debug|Any CPU.ActiveCfg = JobHistory_debug|Any CPU
		{7167262B-09B1-435B-AC01-6A3F94449C72}.JobHistory_debug|Any CPU.Build.0 = JobHistory_debug|Any CPU
		{7167262B-09B1-435B-AC01-6A3F94449C72}.JobHistory_release|Any CPU.ActiveCfg = JobHistory_release|Any CPU
		{7167262B-09B1-435B-AC01-6A3F94449C72}.JobHistory_release|Any CPU.Build.0 = JobHistory_release|Any CPU
		{7167262B-09B1-435B-AC01-6A3F94449C72}.Map_debug|Any CPU.ActiveCfg = Map_debug|Any CPU
		{7167262B-09B1-435B-AC01-6A3F94449C72}.Map_debug|Any CPU.Build.0 = Map_debug|Any CPU
		{7167262B-09B1-435B-AC01-6A3F94449C72}.Map_release|Any CPU.ActiveCfg = Map_release|Any CPU
		{7167262B-09B1-435B-AC01-6A3F94449C72}.Map_release|Any CPU.Build.0 = Map_release|Any CPU
		{7167262B-09B1-435B-AC01-6A3F94449C72}.Release_mapping|Any CPU.ActiveCfg = Release_mapping|Any CPU
		{7167262B-09B1-435B-AC01-6A3F94449C72}.Release_mapping|Any CPU.Build.0 = Release_mapping|Any CPU
		{7167262B-09B1-435B-AC01-6A3F94449C72}.Release|Any CPU.ActiveCfg = Release|Any CPU
		{7167262B-09B1-435B-AC01-6A3F94449C72}.Release|Any CPU.Build.0 = Release|Any CPU
		{7167262B-09B1-435B-AC01-6A3F94449C72}.robotstatus_debug|Any CPU.ActiveCfg = robotstatus_debug|Any CPU
		{7167262B-09B1-435B-AC01-6A3F94449C72}.robotstatus_debug|Any CPU.Build.0 = robotstatus_debug|Any CPU
		{7167262B-09B1-435B-AC01-6A3F94449C72}.robotstatus_release|Any CPU.ActiveCfg = Debug|Any CPU
		{7167262B-09B1-435B-AC01-6A3F94449C72}.robotstatus_release|Any CPU.Build.0 = Debug|Any CPU
		{7167262B-09B1-435B-AC01-6A3F94449C72}.robotstatusOne_debug|Any CPU.ActiveCfg = robotstatusOne_debug|Any CPU
		{7167262B-09B1-435B-AC01-6A3F94449C72}.robotstatusOne_debug|Any CPU.Build.0 = robotstatusOne_debug|Any CPU
		{7167262B-09B1-435B-AC01-6A3F94449C72}.robotstatusOne_release|Any CPU.ActiveCfg = robotstatusOne_release|Any CPU
		{7167262B-09B1-435B-AC01-6A3F94449C72}.robotstatusOne_release|Any CPU.Build.0 = robotstatusOne_release|Any CPU
		{7167262B-09B1-435B-AC01-6A3F94449C72}.solution_debug|Any CPU.ActiveCfg = solution_debug|Any CPU
		{7167262B-09B1-435B-AC01-6A3F94449C72}.solution_debug|Any CPU.Build.0 = solution_debug|Any CPU
		{7167262B-09B1-435B-AC01-6A3F94449C72}.solution_release|Any CPU.ActiveCfg = solution_release|Any CPU
		{7167262B-09B1-435B-AC01-6A3F94449C72}.solution_release|Any CPU.Build.0 = solution_release|Any CPU
		{7167262B-09B1-435B-AC01-6A3F94449C72}.UR_Test_debug|Any CPU.ActiveCfg = UR_Test|Any CPU
		{7167262B-09B1-435B-AC01-6A3F94449C72}.UR_Test_debug|Any CPU.Build.0 = UR_Test|Any CPU
		{7167262B-09B1-435B-AC01-6A3F94449C72}.UR_Test_release|Any CPU.ActiveCfg = UR_Test_release|Any CPU
		{7167262B-09B1-435B-AC01-6A3F94449C72}.UR_Test_release|Any CPU.Build.0 = UR_Test_release|Any CPU
		{7167262B-09B1-435B-AC01-6A3F94449C72}.workorder_debug|Any CPU.ActiveCfg = Debug|Any CPU
		{7167262B-09B1-435B-AC01-6A3F94449C72}.workorder_debug|Any CPU.Build.0 = Debug|Any CPU
		{7167262B-09B1-435B-AC01-6A3F94449C72}.workorder_release|Any CPU.ActiveCfg = Debug|Any CPU
		{7167262B-09B1-435B-AC01-6A3F94449C72}.workorder_release|Any CPU.Build.0 = Debug|Any CPU
		{7B7BA4BB-4789-400B-9373-20321A8FB966}._delivery_debug|Any CPU.ActiveCfg = _delivery|Any CPU
		{7B7BA4BB-4789-400B-9373-20321A8FB966}._delivery_debug|Any CPU.Build.0 = _delivery|Any CPU
		{7B7BA4BB-4789-400B-9373-20321A8FB966}._delivery_release|Any CPU.ActiveCfg = _delivery_release|Any CPU
		{7B7BA4BB-4789-400B-9373-20321A8FB966}._delivery_release|Any CPU.Build.0 = _delivery_release|Any CPU
		{7B7BA4BB-4789-400B-9373-20321A8FB966}.Debug_mapping|Any CPU.ActiveCfg = Debug_mapping|Any CPU
		{7B7BA4BB-4789-400B-9373-20321A8FB966}.Debug_mapping|Any CPU.Build.0 = Debug_mapping|Any CPU
		{7B7BA4BB-4789-400B-9373-20321A8FB966}.Debug|Any CPU.ActiveCfg = Debug|Any CPU
		{7B7BA4BB-4789-400B-9373-20321A8FB966}.Debug|Any CPU.Build.0 = Debug|Any CPU
		{7B7BA4BB-4789-400B-9373-20321A8FB966}.fleet_debug|Any CPU.ActiveCfg = fleet_debug|Any CPU
		{7B7BA4BB-4789-400B-9373-20321A8FB966}.fleet_debug|Any CPU.Build.0 = fleet_debug|Any CPU
		{7B7BA4BB-4789-400B-9373-20321A8FB966}.fleet_demo_debug|Any CPU.ActiveCfg = fleet_demo_debug|Any CPU
		{7B7BA4BB-4789-400B-9373-20321A8FB966}.fleet_demo_debug|Any CPU.Build.0 = fleet_demo_debug|Any CPU
		{7B7BA4BB-4789-400B-9373-20321A8FB966}.fleet_demo_release|Any CPU.ActiveCfg = fleet_demo_release|Any CPU
		{7B7BA4BB-4789-400B-9373-20321A8FB966}.fleet_demo_release|Any CPU.Build.0 = fleet_demo_release|Any CPU
		{7B7BA4BB-4789-400B-9373-20321A8FB966}.fleet_release|Any CPU.ActiveCfg = fleet_release|Any CPU
		{7B7BA4BB-4789-400B-9373-20321A8FB966}.fleet_release|Any CPU.Build.0 = fleet_release|Any CPU
		{7B7BA4BB-4789-400B-9373-20321A8FB966}.JobHistory_debug|Any CPU.ActiveCfg = JobHistory_debug|Any CPU
		{7B7BA4BB-4789-400B-9373-20321A8FB966}.JobHistory_debug|Any CPU.Build.0 = JobHistory_debug|Any CPU
		{7B7BA4BB-4789-400B-9373-20321A8FB966}.JobHistory_release|Any CPU.ActiveCfg = JobHistory_release|Any CPU
		{7B7BA4BB-4789-400B-9373-20321A8FB966}.JobHistory_release|Any CPU.Build.0 = JobHistory_release|Any CPU
		{7B7BA4BB-4789-400B-9373-20321A8FB966}.Map_debug|Any CPU.ActiveCfg = Map_debug|Any CPU
		{7B7BA4BB-4789-400B-9373-20321A8FB966}.Map_debug|Any CPU.Build.0 = Map_debug|Any CPU
		{7B7BA4BB-4789-400B-9373-20321A8FB966}.Map_release|Any CPU.ActiveCfg = Map_release|Any CPU
		{7B7BA4BB-4789-400B-9373-20321A8FB966}.Map_release|Any CPU.Build.0 = Map_release|Any CPU
		{7B7BA4BB-4789-400B-9373-20321A8FB966}.Release_mapping|Any CPU.ActiveCfg = Release_mapping|Any CPU
		{7B7BA4BB-4789-400B-9373-20321A8FB966}.Release_mapping|Any CPU.Build.0 = Release_mapping|Any CPU
		{7B7BA4BB-4789-400B-9373-20321A8FB966}.Release|Any CPU.ActiveCfg = Release|Any CPU
		{7B7BA4BB-4789-400B-9373-20321A8FB966}.Release|Any CPU.Build.0 = Release|Any CPU
		{7B7BA4BB-4789-400B-9373-20321A8FB966}.robotstatus_debug|Any CPU.ActiveCfg = robotstatus_debug|Any CPU
		{7B7BA4BB-4789-400B-9373-20321A8FB966}.robotstatus_debug|Any CPU.Build.0 = robotstatus_debug|Any CPU
		{7B7BA4BB-4789-400B-9373-20321A8FB966}.robotstatus_release|Any CPU.ActiveCfg = Debug|Any CPU
		{7B7BA4BB-4789-400B-9373-20321A8FB966}.robotstatus_release|Any CPU.Build.0 = Debug|Any CPU
		{7B7BA4BB-4789-400B-9373-20321A8FB966}.robotstatusOne_debug|Any CPU.ActiveCfg = robotstatusOne_debug|Any CPU
		{7B7BA4BB-4789-400B-9373-20321A8FB966}.robotstatusOne_debug|Any CPU.Build.0 = robotstatusOne_debug|Any CPU
		{7B7BA4BB-4789-400B-9373-20321A8FB966}.robotstatusOne_release|Any CPU.ActiveCfg = robotstatusOne_release|Any CPU
		{7B7BA4BB-4789-400B-9373-20321A8FB966}.robotstatusOne_release|Any CPU.Build.0 = robotstatusOne_release|Any CPU
		{7B7BA4BB-4789-400B-9373-20321A8FB966}.solution_debug|Any CPU.ActiveCfg = solution_debug|Any CPU
		{7B7BA4BB-4789-400B-9373-20321A8FB966}.solution_debug|Any CPU.Build.0 = solution_debug|Any CPU
		{7B7BA4BB-4789-400B-9373-20321A8FB966}.solution_release|Any CPU.ActiveCfg = solution_release|Any CPU
		{7B7BA4BB-4789-400B-9373-20321A8FB966}.solution_release|Any CPU.Build.0 = solution_release|Any CPU
		{7B7BA4BB-4789-400B-9373-20321A8FB966}.UR_Test_debug|Any CPU.ActiveCfg = UR_Test|Any CPU
		{7B7BA4BB-4789-400B-9373-20321A8FB966}.UR_Test_debug|Any CPU.Build.0 = UR_Test|Any CPU
		{7B7BA4BB-4789-400B-9373-20321A8FB966}.UR_Test_release|Any CPU.ActiveCfg = UR_Test_release|Any CPU
		{7B7BA4BB-4789-400B-9373-20321A8FB966}.UR_Test_release|Any CPU.Build.0 = UR_Test_release|Any CPU
		{7B7BA4BB-4789-400B-9373-20321A8FB966}.workorder_debug|Any CPU.ActiveCfg = Debug|Any CPU
		{7B7BA4BB-4789-400B-9373-20321A8FB966}.workorder_debug|Any CPU.Build.0 = Debug|Any CPU
		{7B7BA4BB-4789-400B-9373-20321A8FB966}.workorder_release|Any CPU.ActiveCfg = Debug|Any CPU
		{7B7BA4BB-4789-400B-9373-20321A8FB966}.workorder_release|Any CPU.Build.0 = Debug|Any CPU
		{E8912A6C-B0CB-4C3F-A0CE-31B04061D798}._delivery_debug|Any CPU.ActiveCfg = Release|Any CPU
		{E8912A6C-B0CB-4C3F-A0CE-31B04061D798}._delivery_debug|Any CPU.Build.0 = Release|Any CPU
		{E8912A6C-B0CB-4C3F-A0CE-31B04061D798}._delivery_release|Any CPU.ActiveCfg = Release|Any CPU
		{E8912A6C-B0CB-4C3F-A0CE-31B04061D798}._delivery_release|Any CPU.Build.0 = Release|Any CPU
		{E8912A6C-B0CB-4C3F-A0CE-31B04061D798}.Debug_mapping|Any CPU.ActiveCfg = Debug_mapping|Any CPU
		{E8912A6C-B0CB-4C3F-A0CE-31B04061D798}.Debug_mapping|Any CPU.Build.0 = Debug_mapping|Any CPU
		{E8912A6C-B0CB-4C3F-A0CE-31B04061D798}.Debug|Any CPU.ActiveCfg = Debug|Any CPU
		{E8912A6C-B0CB-4C3F-A0CE-31B04061D798}.Debug|Any CPU.Build.0 = Debug|Any CPU
		{E8912A6C-B0CB-4C3F-A0CE-31B04061D798}.fleet_debug|Any CPU.ActiveCfg = Release|Any CPU
		{E8912A6C-B0CB-4C3F-A0CE-31B04061D798}.fleet_debug|Any CPU.Build.0 = Release|Any CPU
		{E8912A6C-B0CB-4C3F-A0CE-31B04061D798}.fleet_demo_debug|Any CPU.ActiveCfg = Release|Any CPU
		{E8912A6C-B0CB-4C3F-A0CE-31B04061D798}.fleet_demo_debug|Any CPU.Build.0 = Release|Any CPU
		{E8912A6C-B0CB-4C3F-A0CE-31B04061D798}.fleet_demo_release|Any CPU.ActiveCfg = Release|Any CPU
		{E8912A6C-B0CB-4C3F-A0CE-31B04061D798}.fleet_demo_release|Any CPU.Build.0 = Release|Any CPU
		{E8912A6C-B0CB-4C3F-A0CE-31B04061D798}.fleet_release|Any CPU.ActiveCfg = Release|Any CPU
		{E8912A6C-B0CB-4C3F-A0CE-31B04061D798}.fleet_release|Any CPU.Build.0 = Release|Any CPU
		{E8912A6C-B0CB-4C3F-A0CE-31B04061D798}.JobHistory_debug|Any CPU.ActiveCfg = Release|Any CPU
		{E8912A6C-B0CB-4C3F-A0CE-31B04061D798}.JobHistory_debug|Any CPU.Build.0 = Release|Any CPU
		{E8912A6C-B0CB-4C3F-A0CE-31B04061D798}.JobHistory_release|Any CPU.ActiveCfg = Release|Any CPU
		{E8912A6C-B0CB-4C3F-A0CE-31B04061D798}.JobHistory_release|Any CPU.Build.0 = Release|Any CPU
		{E8912A6C-B0CB-4C3F-A0CE-31B04061D798}.Map_debug|Any CPU.ActiveCfg = Release|Any CPU
		{E8912A6C-B0CB-4C3F-A0CE-31B04061D798}.Map_debug|Any CPU.Build.0 = Release|Any CPU
		{E8912A6C-B0CB-4C3F-A0CE-31B04061D798}.Map_release|Any CPU.ActiveCfg = Release|Any CPU
		{E8912A6C-B0CB-4C3F-A0CE-31B04061D798}.Map_release|Any CPU.Build.0 = Release|Any CPU
		{E8912A6C-B0CB-4C3F-A0CE-31B04061D798}.Release_mapping|Any CPU.ActiveCfg = Release_mapping|Any CPU
		{E8912A6C-B0CB-4C3F-A0CE-31B04061D798}.Release_mapping|Any CPU.Build.0 = Release_mapping|Any CPU
		{E8912A6C-B0CB-4C3F-A0CE-31B04061D798}.Release|Any CPU.ActiveCfg = Release|Any CPU
		{E8912A6C-B0CB-4C3F-A0CE-31B04061D798}.Release|Any CPU.Build.0 = Release|Any CPU
		{E8912A6C-B0CB-4C3F-A0CE-31B04061D798}.robotstatus_debug|Any CPU.ActiveCfg = Release|Any CPU
		{E8912A6C-B0CB-4C3F-A0CE-31B04061D798}.robotstatus_debug|Any CPU.Build.0 = Release|Any CPU
		{E8912A6C-B0CB-4C3F-A0CE-31B04061D798}.robotstatus_release|Any CPU.ActiveCfg = Release|Any CPU
		{E8912A6C-B0CB-4C3F-A0CE-31B04061D798}.robotstatus_release|Any CPU.Build.0 = Release|Any CPU
		{E8912A6C-B0CB-4C3F-A0CE-31B04061D798}.robotstatusOne_debug|Any CPU.ActiveCfg = Release|Any CPU
		{E8912A6C-B0CB-4C3F-A0CE-31B04061D798}.robotstatusOne_debug|Any CPU.Build.0 = Release|Any CPU
		{E8912A6C-B0CB-4C3F-A0CE-31B04061D798}.robotstatusOne_release|Any CPU.ActiveCfg = Release|Any CPU
		{E8912A6C-B0CB-4C3F-A0CE-31B04061D798}.robotstatusOne_release|Any CPU.Build.0 = Release|Any CPU
		{E8912A6C-B0CB-4C3F-A0CE-31B04061D798}.solution_debug|Any CPU.ActiveCfg = Release|Any CPU
		{E8912A6C-B0CB-4C3F-A0CE-31B04061D798}.solution_debug|Any CPU.Build.0 = Release|Any CPU
		{E8912A6C-B0CB-4C3F-A0CE-31B04061D798}.solution_release|Any CPU.ActiveCfg = Release|Any CPU
		{E8912A6C-B0CB-4C3F-A0CE-31B04061D798}.solution_release|Any CPU.Build.0 = Release|Any CPU
		{E8912A6C-B0CB-4C3F-A0CE-31B04061D798}.UR_Test_debug|Any CPU.ActiveCfg = Release|Any CPU
		{E8912A6C-B0CB-4C3F-A0CE-31B04061D798}.UR_Test_debug|Any CPU.Build.0 = Release|Any CPU
		{E8912A6C-B0CB-4C3F-A0CE-31B04061D798}.UR_Test_release|Any CPU.ActiveCfg = Release|Any CPU
		{E8912A6C-B0CB-4C3F-A0CE-31B04061D798}.UR_Test_release|Any CPU.Build.0 = Release|Any CPU
		{E8912A6C-B0CB-4C3F-A0CE-31B04061D798}.workorder_debug|Any CPU.ActiveCfg = Release|Any CPU
		{E8912A6C-B0CB-4C3F-A0CE-31B04061D798}.workorder_debug|Any CPU.Build.0 = Release|Any CPU
		{E8912A6C-B0CB-4C3F-A0CE-31B04061D798}.workorder_release|Any CPU.ActiveCfg = Release|Any CPU
		{E8912A6C-B0CB-4C3F-A0CE-31B04061D798}.workorder_release|Any CPU.Build.0 = Release|Any CPU
	EndGlobalSection
	GlobalSection(SolutionProperties) = preSolution
		HideSolutionNode = FALSE
	EndGlobalSection
	GlobalSection(ExtensibilityGlobals) = postSolution
		SolutionGuid = {61A51F95-CFDC-4F8E-86CB-99A82CF66B52}
	EndGlobalSection
	GlobalSection(SubversionScc) = preSolution
		Svn-Managed = True
		Manager = AnkhSVN - Subversion Support for Visual Studio
	EndGlobalSection
EndGlobal
